
Microsoft Visual Studio Solution File, Format Version 12.00
# Visual Studio Version 17
VisualStudioVersion = 17.9.34701.34
MinimumVisualStudioVersion = 10.0.40219.1
Project("{FAE04EC0-301F-11D3-BF4B-00C04F79EFBC}") = "CustomTesting", "CustomTesting.csproj", "{3C83682C-87E0-4A5B-9985-1E5F2E71E9CB}"
EndProject
Global
	GlobalSection(SolutionConfigurationPlatforms) = preSolution
		Debug|Any CPU = Debug|Any CPU
		Release|Any CPU = Release|Any CPU
	EndGlobalSection
	GlobalSection(ProjectConfigurationPlatforms) = postSolution
		{3C83682C-87E0-4A5B-9985-1E5F2E71E9CB}.Debug|Any CPU.ActiveCfg = Debug|Any CPU
		{3C83682C-87E0-4A5B-9985-1E5F2E71E9CB}.Debug|Any CPU.Build.0 = Debug|Any CPU
		{3C83682C-87E0-4A5B-9985-1E5F2E71E9CB}.Release|Any CPU.ActiveCfg = Release|Any CPU
		{3C83682C-87E0-4A5B-9985-1E5F2E71E9CB}.Release|Any CPU.Build.0 = Release|Any CPU
	EndGlobalSection
	GlobalSection(SolutionProperties) = preSolution
		HideSolutionNode = FALSE
	EndGlobalSection
	GlobalSection(ExtensibilityGlobals) = postSolution
		SolutionGuid = {5923ABA4-7E8F-4D29-96D5-FC46975739FF}
	EndGlobalSection
EndGlobal
